
Microsoft Visual Studio Solution File, Format Version 12.00
# Visual Studio Version 17
VisualStudioVersion = 17.1.32210.238
MinimumVisualStudioVersion = 10.0.40219.1
Project("{FAE04EC0-301F-11D3-BF4B-00C04F79EFBC}") = "MVVM Demo", "MVVM Demo\MVVM Demo.csproj", "{03A7BF64-A311-47F5-8D40-C8705736DFF1}"
EndProject
Global
	GlobalSection(SolutionConfigurationPlatforms) = preSolution
		Debug|Any CPU = Debug|Any CPU
		Release|Any CPU = Release|Any CPU
	EndGlobalSection
	GlobalSection(ProjectConfigurationPlatforms) = postSolution
		{03A7BF64-A311-47F5-8D40-C8705736DFF1}.Debug|Any CPU.ActiveCfg = Debug|Any CPU
		{03A7BF64-A311-47F5-8D40-C8705736DFF1}.Debug|Any CPU.Build.0 = Debug|Any CPU
		{03A7BF64-A311-47F5-8D40-C8705736DFF1}.Release|Any CPU.ActiveCfg = Release|Any CPU
		{03A7BF64-A311-47F5-8D40-C8705736DFF1}.Release|Any CPU.Build.0 = Release|Any CPU
	EndGlobalSection
	GlobalSection(SolutionProperties) = preSolution
		HideSolutionNode = FALSE
	EndGlobalSection
	GlobalSection(ExtensibilityGlobals) = postSolution
		SolutionGuid = {8E5E4F5F-7B82-4388-9FDC-11E92D2C0289}
	EndGlobalSection
EndGlobal
